
Microsoft Visual Studio Solution File, Format Version 12.00
# Visual Studio Version 17
VisualStudioVersion = 17.0.31903.59
MinimumVisualStudioVersion = 10.0.40219.1
Project("{FAE04EC0-301F-11D3-BF4B-00C04F79EFBC}") = "AstraERP", "AstraERP.csproj", "{E5D4355D-1C59-48CE-832E-FA347CD00DD9}"
EndProject
Project("{2150E333-8FDC-42A3-9474-1A3956D46DE8}") = "backend", "backend", "{BB3A55A0-F846-441E-9AA3-6658A89DC54D}"
EndProject
Project("{FAE04EC0-301F-11D3-BF4B-00C04F79EFBC}") = "MixERP.Api", "backend\MixERP.Api\MixERP.Api.csproj", "{47D02399-BB3A-45FE-BDD7-650EFFB931E7}"
EndProject
Project("{FAE04EC0-301F-11D3-BF4B-00C04F79EFBC}") = "MixERP.Domain", "backend\MixERP.Domain\MixERP.Domain.csproj", "{73734395-203B-48D9-91AD-7491E93BBF20}"
EndProject
Project("{FAE04EC0-301F-11D3-BF4B-00C04F79EFBC}") = "MixERP.Infrastructure", "backend\MixERP.Infrastructure\MixERP.Infrastructure.csproj", "{D76D3028-6183-4CEC-A49A-4752DB35BEF2}"
EndProject
Global
	GlobalSection(SolutionConfigurationPlatforms) = preSolution
		Debug|Any CPU = Debug|Any CPU
		Release|Any CPU = Release|Any CPU
	EndGlobalSection
	GlobalSection(SolutionProperties) = preSolution
		HideSolutionNode = FALSE
	EndGlobalSection
	GlobalSection(ProjectConfigurationPlatforms) = postSolution
		{E5D4355D-1C59-48CE-832E-FA347CD00DD9}.Debug|Any CPU.ActiveCfg = Debug|Any CPU
		{E5D4355D-1C59-48CE-832E-FA347CD00DD9}.Debug|Any CPU.Build.0 = Debug|Any CPU
		{E5D4355D-1C59-48CE-832E-FA347CD00DD9}.Release|Any CPU.ActiveCfg = Release|Any CPU
		{E5D4355D-1C59-48CE-832E-FA347CD00DD9}.Release|Any CPU.Build.0 = Release|Any CPU
		{47D02399-BB3A-45FE-BDD7-650EFFB931E7}.Debug|Any CPU.ActiveCfg = Debug|Any CPU
		{47D02399-BB3A-45FE-BDD7-650EFFB931E7}.Debug|Any CPU.Build.0 = Debug|Any CPU
		{47D02399-BB3A-45FE-BDD7-650EFFB931E7}.Release|Any CPU.ActiveCfg = Release|Any CPU
		{47D02399-BB3A-45FE-BDD7-650EFFB931E7}.Release|Any CPU.Build.0 = Release|Any CPU
		{73734395-203B-48D9-91AD-7491E93BBF20}.Debug|Any CPU.ActiveCfg = Debug|Any CPU
		{73734395-203B-48D9-91AD-7491E93BBF20}.Debug|Any CPU.Build.0 = Debug|Any CPU
		{73734395-203B-48D9-91AD-7491E93BBF20}.Release|Any CPU.ActiveCfg = Release|Any CPU
		{73734395-203B-48D9-91AD-7491E93BBF20}.Release|Any CPU.Build.0 = Release|Any CPU
		{D76D3028-6183-4CEC-A49A-4752DB35BEF2}.Debug|Any CPU.ActiveCfg = Debug|Any CPU
		{D76D3028-6183-4CEC-A49A-4752DB35BEF2}.Debug|Any CPU.Build.0 = Debug|Any CPU
		{D76D3028-6183-4CEC-A49A-4752DB35BEF2}.Release|Any CPU.ActiveCfg = Release|Any CPU
		{D76D3028-6183-4CEC-A49A-4752DB35BEF2}.Release|Any CPU.Build.0 = Release|Any CPU
	EndGlobalSection
	GlobalSection(NestedProjects) = preSolution
		{47D02399-BB3A-45FE-BDD7-650EFFB931E7} = {BB3A55A0-F846-441E-9AA3-6658A89DC54D}
		{73734395-203B-48D9-91AD-7491E93BBF20} = {BB3A55A0-F846-441E-9AA3-6658A89DC54D}
		{D76D3028-6183-4CEC-A49A-4752DB35BEF2} = {BB3A55A0-F846-441E-9AA3-6658A89DC54D}
	EndGlobalSection
EndGlobal
